
Microsoft Visual Studio Solution File, Format Version 12.00
# Visual Studio Version 16
VisualStudioVersion = 16.0.31624.102
MinimumVisualStudioVersion = 10.0.40219.1
Project("{9A19103F-16F7-4668-BE54-9A1E7A4F7556}") = "OcelotAPIMonitoring", "OcelotAPIMonitoring\OcelotAPIMonitoring.csproj", "{8DD572CC-8554-4AB5-9292-6997BD13D4C2}"
EndProject
Project("{FAE04EC0-301F-11D3-BF4B-00C04F79EFBC}") = "api.Customer", "api.Customer\api.Customer.csproj", "{7D77C70E-C3F9-43F4-A94C-FC157B83B671}"
EndProject
Project("{FAE04EC0-301F-11D3-BF4B-00C04F79EFBC}") = "api.Products", "api.Products\api.Products.csproj", "{C54CE07F-BAF4-4E1E-8588-1B6170DFC39F}"
EndProject
Global
	GlobalSection(SolutionConfigurationPlatforms) = preSolution
		Debug|Any CPU = Debug|Any CPU
		Release|Any CPU = Release|Any CPU
	EndGlobalSection
	GlobalSection(ProjectConfigurationPlatforms) = postSolution
		{8DD572CC-8554-4AB5-9292-6997BD13D4C2}.Debug|Any CPU.ActiveCfg = Debug|Any CPU
		{8DD572CC-8554-4AB5-9292-6997BD13D4C2}.Debug|Any CPU.Build.0 = Debug|Any CPU
		{8DD572CC-8554-4AB5-9292-6997BD13D4C2}.Release|Any CPU.ActiveCfg = Release|Any CPU
		{8DD572CC-8554-4AB5-9292-6997BD13D4C2}.Release|Any CPU.Build.0 = Release|Any CPU
		{7D77C70E-C3F9-43F4-A94C-FC157B83B671}.Debug|Any CPU.ActiveCfg = Debug|Any CPU
		{7D77C70E-C3F9-43F4-A94C-FC157B83B671}.Debug|Any CPU.Build.0 = Debug|Any CPU
		{7D77C70E-C3F9-43F4-A94C-FC157B83B671}.Release|Any CPU.ActiveCfg = Release|Any CPU
		{7D77C70E-C3F9-43F4-A94C-FC157B83B671}.Release|Any CPU.Build.0 = Release|Any CPU
		{C54CE07F-BAF4-4E1E-8588-1B6170DFC39F}.Debug|Any CPU.ActiveCfg = Debug|Any CPU
		{C54CE07F-BAF4-4E1E-8588-1B6170DFC39F}.Debug|Any CPU.Build.0 = Debug|Any CPU
		{C54CE07F-BAF4-4E1E-8588-1B6170DFC39F}.Release|Any CPU.ActiveCfg = Release|Any CPU
		{C54CE07F-BAF4-4E1E-8588-1B6170DFC39F}.Release|Any CPU.Build.0 = Release|Any CPU
	EndGlobalSection
	GlobalSection(SolutionProperties) = preSolution
		HideSolutionNode = FALSE
	EndGlobalSection
	GlobalSection(ExtensibilityGlobals) = postSolution
		SolutionGuid = {51BED2CF-AEAC-4AC9-A9AA-B9176A0725B7}
	EndGlobalSection
EndGlobal
